
Microsoft Visual Studio Solution File, Format Version 12.00
Project("{FAE04EC0-301F-11D3-BF4B-00C04F79EFBC}") = "CraneCalc.Domain", "CraneCalc.Domain\CraneCalc.Domain.csproj", "{36494B28-DA00-4312-9976-9D145C278B75}"
EndProject
Project("{FAE04EC0-301F-11D3-BF4B-00C04F79EFBC}") = "CraneCalc.Application", "CraneCalc.Application\CraneCalc.Application.csproj", "{80607A94-4C4F-4EB8-96BE-1DBAEFC0DF72}"
EndProject
Project("{FAE04EC0-301F-11D3-BF4B-00C04F79EFBC}") = "CraneCalc.Infrastructure", "CraneCalc.Infrastructure\CraneCalc.Infrastructure.csproj", "{DFD3B38B-E5A3-4C36-8D19-6589723FA651}"
EndProject
Project("{FAE04EC0-301F-11D3-BF4B-00C04F79EFBC}") = "CraneCalc.API", "CraneCalc.API\CraneCalc.API.csproj", "{070FB2D1-81A8-48AA-8EBC-BB9D5329AA47}"
EndProject
Project("{2150E333-8FDC-42A3-9474-1A3956D46DE8}") = "Solution Items", "Solution Items", "{A26B1A16-BF2E-4F33-9EAF-F6BD4997D213}"
	ProjectSection(SolutionItems) = preProject
		compose.yaml = compose.yaml
	EndProjectSection
EndProject
Global
	GlobalSection(SolutionConfigurationPlatforms) = preSolution
		Debug|Any CPU = Debug|Any CPU
		Release|Any CPU = Release|Any CPU
	EndGlobalSection
	GlobalSection(ProjectConfigurationPlatforms) = postSolution
		{36494B28-DA00-4312-9976-9D145C278B75}.Debug|Any CPU.ActiveCfg = Debug|Any CPU
		{36494B28-DA00-4312-9976-9D145C278B75}.Debug|Any CPU.Build.0 = Debug|Any CPU
		{36494B28-DA00-4312-9976-9D145C278B75}.Release|Any CPU.ActiveCfg = Release|Any CPU
		{36494B28-DA00-4312-9976-9D145C278B75}.Release|Any CPU.Build.0 = Release|Any CPU
		{80607A94-4C4F-4EB8-96BE-1DBAEFC0DF72}.Debug|Any CPU.ActiveCfg = Debug|Any CPU
		{80607A94-4C4F-4EB8-96BE-1DBAEFC0DF72}.Debug|Any CPU.Build.0 = Debug|Any CPU
		{80607A94-4C4F-4EB8-96BE-1DBAEFC0DF72}.Release|Any CPU.ActiveCfg = Release|Any CPU
		{80607A94-4C4F-4EB8-96BE-1DBAEFC0DF72}.Release|Any CPU.Build.0 = Release|Any CPU
		{DFD3B38B-E5A3-4C36-8D19-6589723FA651}.Debug|Any CPU.ActiveCfg = Debug|Any CPU
		{DFD3B38B-E5A3-4C36-8D19-6589723FA651}.Debug|Any CPU.Build.0 = Debug|Any CPU
		{DFD3B38B-E5A3-4C36-8D19-6589723FA651}.Release|Any CPU.ActiveCfg = Release|Any CPU
		{DFD3B38B-E5A3-4C36-8D19-6589723FA651}.Release|Any CPU.Build.0 = Release|Any CPU
		{070FB2D1-81A8-48AA-8EBC-BB9D5329AA47}.Debug|Any CPU.ActiveCfg = Debug|Any CPU
		{070FB2D1-81A8-48AA-8EBC-BB9D5329AA47}.Debug|Any CPU.Build.0 = Debug|Any CPU
		{070FB2D1-81A8-48AA-8EBC-BB9D5329AA47}.Release|Any CPU.ActiveCfg = Release|Any CPU
		{070FB2D1-81A8-48AA-8EBC-BB9D5329AA47}.Release|Any CPU.Build.0 = Release|Any CPU
	EndGlobalSection
EndGlobal
